
Microsoft Visual Studio Solution File, Format Version 12.00
# Visual Studio Version 16
VisualStudioVersion = 16.0.34114.132
MinimumVisualStudioVersion = 10.0.40219.1
Project("{FAE04EC0-301F-11D3-BF4B-00C04F79EFBC}") = "LatihanLG", "LatihanLG\LatihanLG.csproj", "{7B363E69-1400-4F45-A571-E8CC26E24E84}"
EndProject
Global
	GlobalSection(SolutionConfigurationPlatforms) = preSolution
		Debug|Any CPU = Debug|Any CPU
		Release|Any CPU = Release|Any CPU
	EndGlobalSection
	GlobalSection(ProjectConfigurationPlatforms) = postSolution
		{7B363E69-1400-4F45-A571-E8CC26E24E84}.Debug|Any CPU.ActiveCfg = Debug|Any CPU
		{7B363E69-1400-4F45-A571-E8CC26E24E84}.Debug|Any CPU.Build.0 = Debug|Any CPU
		{7B363E69-1400-4F45-A571-E8CC26E24E84}.Release|Any CPU.ActiveCfg = Release|Any CPU
		{7B363E69-1400-4F45-A571-E8CC26E24E84}.Release|Any CPU.Build.0 = Release|Any CPU
	EndGlobalSection
	GlobalSection(SolutionProperties) = preSolution
		HideSolutionNode = FALSE
	EndGlobalSection
	GlobalSection(ExtensibilityGlobals) = postSolution
		SolutionGuid = {4A2074BD-A8CA-4586-9358-CCF360869033}
	EndGlobalSection
EndGlobal
